{
  "name": "pomodoro-edit",
  "version": "1.1.0",
  "lockfileVersion": 1,
  "requires": true,
  "dependencies": {
    "luxon": {
      "version": "1.22.0",
      "resolved": "https://registry.npmjs.org/luxon/-/luxon-1.22.0.tgz",
      "integrity": "sha512-3sLvlfbFo+AxVEY3IqxymbumtnlgBwjDExxK60W3d+trrUzErNAz/PfvPT+mva+vEUrdIodeCOs7fB6zHtRSrw=="
    },
    "pomodoro-edit-core": {
      "version": "0.2.0",
      "resolved": "https://registry.npmjs.org/pomodoro-edit-core/-/pomodoro-edit-core-0.2.0.tgz",
      "integrity": "sha512-P0pxeUDpxK7sNj6D7R7diBjkOlSwY7Ewqyo/Yxm5gldjTes0qG7nz7jgCNXpZefnpxTGy1klngfX6aYC/nLTsQ=="
    }
  }
}
