{
  "name": "pomodoro-edit",
  "version": "2.0.1",
  "lockfileVersion": 2,
  "requires": true,
  "packages": {
    "": {
      "name": "pomodoro-edit",
      "version": "1.4.1",
      "license": "MIT",
      "dependencies": {
        "luxon": "^1.22.0",
        "pomodoro-edit-core": "^0.3.0"
      },
      "engines": {
        "inkdrop": "^4.x"
      }
    },
    "node_modules/luxon": {
      "version": "1.22.0",
      "resolved": "https://registry.npmjs.org/luxon/-/luxon-1.22.0.tgz",
      "integrity": "sha512-3sLvlfbFo+AxVEY3IqxymbumtnlgBwjDExxK60W3d+trrUzErNAz/PfvPT+mva+vEUrdIodeCOs7fB6zHtRSrw==",
      "engines": {
        "node": "*"
      }
    },
    "node_modules/pomodoro-edit-core": {
      "version": "0.3.0",
      "resolved": "https://registry.npmjs.org/pomodoro-edit-core/-/pomodoro-edit-core-0.3.0.tgz",
      "integrity": "sha512-rCjSWyKyLTXjQZWoJ3vtqwT0EXdu2d9YMmV2ziAfX2wu56QDJ1PjQ+gLQT2NQSYKAeL3TxxdeIY/tagAWbn44w=="
    }
  },
  "dependencies": {
    "luxon": {
      "version": "1.22.0",
      "resolved": "https://registry.npmjs.org/luxon/-/luxon-1.22.0.tgz",
      "integrity": "sha512-3sLvlfbFo+AxVEY3IqxymbumtnlgBwjDExxK60W3d+trrUzErNAz/PfvPT+mva+vEUrdIodeCOs7fB6zHtRSrw=="
    },
    "pomodoro-edit-core": {
      "version": "0.3.0",
      "resolved": "https://registry.npmjs.org/pomodoro-edit-core/-/pomodoro-edit-core-0.3.0.tgz",
      "integrity": "sha512-rCjSWyKyLTXjQZWoJ3vtqwT0EXdu2d9YMmV2ziAfX2wu56QDJ1PjQ+gLQT2NQSYKAeL3TxxdeIY/tagAWbn44w=="
    }
  }
}
