{
  "name": "pomodoro-edit",
  "version": "2.0.2",
  "lockfileVersion": 2,
  "requires": true,
  "packages": {
    "": {
      "name": "pomodoro-edit",
      "version": "2.0.2",
      "license": "MIT",
      "dependencies": {
        "luxon": "^1.22.0",
        "pomodoro-edit-core": "^0.4.0"
      },
      "engines": {
        "inkdrop": "^4.x"
      }
    },
    "node_modules/async-limiter": {
      "version": "1.0.1",
      "resolved": "https://registry.npmjs.org/async-limiter/-/async-limiter-1.0.1.tgz",
      "integrity": "sha512-csOlWGAcRFJaI6m+F2WKdnMKr4HhdhFVBk0H/QbJFMCr+uO2kwohwXQPxw/9OCxp05r5ghVBFSyioixx3gfkNQ=="
    },
    "node_modules/luxon": {
      "version": "1.22.0",
      "resolved": "https://registry.npmjs.org/luxon/-/luxon-1.22.0.tgz",
      "integrity": "sha512-3sLvlfbFo+AxVEY3IqxymbumtnlgBwjDExxK60W3d+trrUzErNAz/PfvPT+mva+vEUrdIodeCOs7fB6zHtRSrw==",
      "engines": {
        "node": "*"
      }
    },
    "node_modules/pomodoro-edit-core": {
      "version": "0.4.1",
      "resolved": "https://registry.npmjs.org/pomodoro-edit-core/-/pomodoro-edit-core-0.4.1.tgz",
      "integrity": "sha512-VX9Xl1ne3ycSmJQnbdzg2b2GchHxO9iy7N5/keAowaI2wiJ+OyLqvlREmU3D1ScPiYW2AtoMGE6kmFjbY4f13A==",
      "dependencies": {
        "ws": "^5.2.2"
      }
    },
    "node_modules/ws": {
      "version": "5.2.3",
      "resolved": "https://registry.npmjs.org/ws/-/ws-5.2.3.tgz",
      "integrity": "sha512-jZArVERrMsKUatIdnLzqvcfydI85dvd/Fp1u/VOpfdDWQ4c9qWXe+VIeAbQ5FrDwciAkr+lzofXLz3Kuf26AOA==",
      "dependencies": {
        "async-limiter": "~1.0.0"
      }
    }
  },
  "dependencies": {
    "async-limiter": {
      "version": "1.0.1",
      "resolved": "https://registry.npmjs.org/async-limiter/-/async-limiter-1.0.1.tgz",
      "integrity": "sha512-csOlWGAcRFJaI6m+F2WKdnMKr4HhdhFVBk0H/QbJFMCr+uO2kwohwXQPxw/9OCxp05r5ghVBFSyioixx3gfkNQ=="
    },
    "luxon": {
      "version": "1.22.0",
      "resolved": "https://registry.npmjs.org/luxon/-/luxon-1.22.0.tgz",
      "integrity": "sha512-3sLvlfbFo+AxVEY3IqxymbumtnlgBwjDExxK60W3d+trrUzErNAz/PfvPT+mva+vEUrdIodeCOs7fB6zHtRSrw=="
    },
    "pomodoro-edit-core": {
      "version": "0.4.1",
      "resolved": "https://registry.npmjs.org/pomodoro-edit-core/-/pomodoro-edit-core-0.4.1.tgz",
      "integrity": "sha512-VX9Xl1ne3ycSmJQnbdzg2b2GchHxO9iy7N5/keAowaI2wiJ+OyLqvlREmU3D1ScPiYW2AtoMGE6kmFjbY4f13A==",
      "requires": {
        "ws": "^5.2.2"
      }
    },
    "ws": {
      "version": "5.2.3",
      "resolved": "https://registry.npmjs.org/ws/-/ws-5.2.3.tgz",
      "integrity": "sha512-jZArVERrMsKUatIdnLzqvcfydI85dvd/Fp1u/VOpfdDWQ4c9qWXe+VIeAbQ5FrDwciAkr+lzofXLz3Kuf26AOA==",
      "requires": {
        "async-limiter": "~1.0.0"
      }
    }
  }
}
